
Microsoft Visual Studio Solution File, Format Version 12.00
# Visual Studio 15
VisualStudioVersion = 15.0.35706.147
MinimumVisualStudioVersion = 10.0.40219.1
Project("{FAE04EC0-301F-11D3-BF4B-00C04F79EFBC}") = "FreelancerWebAPI", "FreelancerWebAPI\FreelancerWebAPI.csproj", "{17648BE8-DE15-4454-9673-A8C65295D422}"
EndProject
Global
	GlobalSection(SolutionConfigurationPlatforms) = preSolution
		Debug|Any CPU = Debug|Any CPU
		Release|Any CPU = Release|Any CPU
	EndGlobalSection
	GlobalSection(ProjectConfigurationPlatforms) = postSolution
		{17648BE8-DE15-4454-9673-A8C65295D422}.Debug|Any CPU.ActiveCfg = Debug|Any CPU
		{17648BE8-DE15-4454-9673-A8C65295D422}.Debug|Any CPU.Build.0 = Debug|Any CPU
		{17648BE8-DE15-4454-9673-A8C65295D422}.Release|Any CPU.ActiveCfg = Release|Any CPU
		{17648BE8-DE15-4454-9673-A8C65295D422}.Release|Any CPU.Build.0 = Release|Any CPU
	EndGlobalSection
	GlobalSection(SolutionProperties) = preSolution
		HideSolutionNode = FALSE
	EndGlobalSection
	GlobalSection(ExtensibilityGlobals) = postSolution
		EnterpriseLibraryConfigurationToolBinariesPathV6 = packages\EnterpriseLibrary.Common.6.0.1304.0\lib\NET45;packages\EnterpriseLibrary.Data.6.0.1304.0\lib\NET45
		SolutionGuid = {002DAED2-D7DE-42F1-A2E6-7F8FEAB41E9D}
	EndGlobalSection
EndGlobal
